// !$*UTF8*$!
{
	archiveVersion = 1;
	classes = {
	};
	objectVersion = 70;
	objects = {

/* Begin PBXBuildFile section */
		476CFF482A3A701E00217EC2 /* XMLCoder in Frameworks */ = {isa = PBXBuildFile; productRef = 476CFF472A3A701E00217EC2 /* XMLCoder */; };
		DA3BB7402A51E8F600C464C3 /* AVRToolsDeviceFile.swift in Sources */ = {isa = PBXBuildFile; fileRef = DA3BB73F2A51E8F600C464C3 /* AVRToolsDeviceFile.swift */; };
		DA53268C2AF7578B00D7D526 /* AVRVariants.swift in Sources */ = {isa = PBXBuildFile; fileRef = DA53268B2AF7578B00D7D526 /* AVRVariants.swift */; };
		DA53268E2AF757D800D7D526 /* AVRDevices.swift in Sources */ = {isa = PBXBuildFile; fileRef = DA53268D2AF757D800D7D526 /* AVRDevices.swift */; };
		DA5326902AF7588600D7D526 /* AVRModules.swift in Sources */ = {isa = PBXBuildFile; fileRef = DA53268F2AF7588600D7D526 /* AVRModules.swift */; };
		DA5326922AF759EB00D7D526 /* AVRPinouts.swift in Sources */ = {isa = PBXBuildFile; fileRef = DA5326912AF759EB00D7D526 /* AVRPinouts.swift */; };
		DA5F50F62EAA58C000AF7D48 /* SwiftBasicFormat in Frameworks */ = {isa = PBXBuildFile; productRef = DA5F50F52EAA58C000AF7D48 /* SwiftBasicFormat */; };
		DA5F50F82EAA58C000AF7D48 /* SwiftOperators in Frameworks */ = {isa = PBXBuildFile; productRef = DA5F50F72EAA58C000AF7D48 /* SwiftOperators */; };
		DA5F50FA2EAA58C000AF7D48 /* SwiftParser in Frameworks */ = {isa = PBXBuildFile; productRef = DA5F50F92EAA58C000AF7D48 /* SwiftParser */; };
		DA5F50FC2EAA58C000AF7D48 /* SwiftParserDiagnostics in Frameworks */ = {isa = PBXBuildFile; productRef = DA5F50FB2EAA58C000AF7D48 /* SwiftParserDiagnostics */; };
		DA5F50FE2EAA58C000AF7D48 /* SwiftSyntax in Frameworks */ = {isa = PBXBuildFile; productRef = DA5F50FD2EAA58C000AF7D48 /* SwiftSyntax */; };
		DA5F51002EAA58C000AF7D48 /* SwiftSyntaxBuilder in Frameworks */ = {isa = PBXBuildFile; productRef = DA5F50FF2EAA58C000AF7D48 /* SwiftSyntaxBuilder */; };
		DAE992E22A22A6F5007656B5 /* Assets.xcassets in Resources */ = {isa = PBXBuildFile; fileRef = DAE992E12A22A6F5007656B5 /* Assets.xcassets */; };
		DAE992E62A22A6F5007656B5 /* Preview Assets.xcassets in Resources */ = {isa = PBXBuildFile; fileRef = DAE992E52A22A6F5007656B5 /* Preview Assets.xcassets */; };
		DAE992F02A22A6F5007656B5 /* SwiftAVRGeneratorTests.swift in Sources */ = {isa = PBXBuildFile; fileRef = DAE992EF2A22A6F5007656B5 /* SwiftAVRGeneratorTests.swift */; };
		DAE992FA2A22A6F6007656B5 /* SwiftAVRGeneratorUITests.swift in Sources */ = {isa = PBXBuildFile; fileRef = DAE992F92A22A6F6007656B5 /* SwiftAVRGeneratorUITests.swift */; };
		DAE992FC2A22A6F6007656B5 /* SwiftAVRGeneratorUITestsLaunchTests.swift in Sources */ = {isa = PBXBuildFile; fileRef = DAE992FB2A22A6F6007656B5 /* SwiftAVRGeneratorUITestsLaunchTests.swift */; };
		EE0C5E922F55DFB60053C834 /* main.swift in Sources */ = {isa = PBXBuildFile; fileRef = EE0C5E902F55DFB50053C834 /* main.swift */; };
		EECLI0032F600000000000001 /* AVRToolsDeviceFile.swift in Sources */ = {isa = PBXBuildFile; fileRef = DA3BB73F2A51E8F600C464C3 /* AVRToolsDeviceFile.swift */; };
		EECLI0042F600000000000001 /* AVRVariants.swift in Sources */ = {isa = PBXBuildFile; fileRef = DA53268B2AF7578B00D7D526 /* AVRVariants.swift */; };
		EECLI0052F600000000000001 /* AVRDevices.swift in Sources */ = {isa = PBXBuildFile; fileRef = DA53268D2AF757D800D7D526 /* AVRDevices.swift */; };
		EECLI0062F600000000000001 /* AVRModules.swift in Sources */ = {isa = PBXBuildFile; fileRef = DA53268F2AF7588600D7D526 /* AVRModules.swift */; };
		EECLI0072F600000000000001 /* AVRPinouts.swift in Sources */ = {isa = PBXBuildFile; fileRef = DA5326912AF759EB00D7D526 /* AVRPinouts.swift */; };
		EECLI00B2F600000000000001 /* XMLCoder in Frameworks */ = {isa = PBXBuildFile; productRef = EECLI00A2F600000000000001 /* XMLCoder */; };
		EECLI00D2F600000000000001 /* SwiftBasicFormat in Frameworks */ = {isa = PBXBuildFile; productRef = EECLI00C2F600000000000001 /* SwiftBasicFormat */; };
		EECLI00F2F600000000000001 /* SwiftOperators in Frameworks */ = {isa = PBXBuildFile; productRef = EECLI00E2F600000000000001 /* SwiftOperators */; };
		EECLI0112F600000000000001 /* SwiftParser in Frameworks */ = {isa = PBXBuildFile; productRef = EECLI0102F600000000000001 /* SwiftParser */; };
		EECLI0132F600000000000001 /* SwiftParserDiagnostics in Frameworks */ = {isa = PBXBuildFile; productRef = EECLI0122F600000000000001 /* SwiftParserDiagnostics */; };
		EECLI0152F600000000000001 /* SwiftSyntax in Frameworks */ = {isa = PBXBuildFile; productRef = EECLI0142F600000000000001 /* SwiftSyntax */; };
		EECLI0172F600000000000001 /* SwiftSyntaxBuilder in Frameworks */ = {isa = PBXBuildFile; productRef = EECLI0162F600000000000001 /* SwiftSyntaxBuilder */; };
/* End PBXBuildFile section */

/* Begin PBXContainerItemProxy section */
		DAE992EC2A22A6F5007656B5 /* PBXContainerItemProxy */ = {
			isa = PBXContainerItemProxy;
			containerPortal = DAE992D22A22A6F4007656B5 /* Project object */;
			proxyType = 1;
			remoteGlobalIDString = DAE992D92A22A6F4007656B5;
			remoteInfo = SwiftAVRGenerator;
		};
		DAE992F62A22A6F6007656B5 /* PBXContainerItemProxy */ = {
			isa = PBXContainerItemProxy;
			containerPortal = DAE992D22A22A6F4007656B5 /* Project object */;
			proxyType = 1;
			remoteGlobalIDString = DAE992D92A22A6F4007656B5;
			remoteInfo = SwiftAVRGenerator;
		};
/* End PBXContainerItemProxy section */

/* Begin PBXFileReference section */
		DA3BB73F2A51E8F600C464C3 /* AVRToolsDeviceFile.swift */ = {isa = PBXFileReference; lastKnownFileType = sourcecode.swift; path = AVRToolsDeviceFile.swift; sourceTree = "<group>"; };
		DA53268B2AF7578B00D7D526 /* AVRVariants.swift */ = {isa = PBXFileReference; lastKnownFileType = sourcecode.swift; path = AVRVariants.swift; sourceTree = "<group>"; };
		DA53268D2AF757D800D7D526 /* AVRDevices.swift */ = {isa = PBXFileReference; lastKnownFileType = sourcecode.swift; path = AVRDevices.swift; sourceTree = "<group>"; };
		DA53268F2AF7588600D7D526 /* AVRModules.swift */ = {isa = PBXFileReference; lastKnownFileType = sourcecode.swift; path = AVRModules.swift; sourceTree = "<group>"; };
		DA5326912AF759EB00D7D526 /* AVRPinouts.swift */ = {isa = PBXFileReference; lastKnownFileType = sourcecode.swift; path = AVRPinouts.swift; sourceTree = "<group>"; };
		DA5F51022EAAE10500AF7D48 /* SwiftAVRGenIcon.icon */ = {isa = PBXFileReference; lastKnownFileType = folder.iconcomposer.icon; path = SwiftAVRGenIcon.icon; sourceTree = "<group>"; };
		DAE992DA2A22A6F4007656B5 /* SwiftAVRGenerator.app */ = {isa = PBXFileReference; explicitFileType = wrapper.application; includeInIndex = 0; path = SwiftAVRGenerator.app; sourceTree = BUILT_PRODUCTS_DIR; };
		DAE992E12A22A6F5007656B5 /* Assets.xcassets */ = {isa = PBXFileReference; lastKnownFileType = folder.assetcatalog; path = Assets.xcassets; sourceTree = "<group>"; };
		DAE992E32A22A6F5007656B5 /* SwiftAVRGenerator.entitlements */ = {isa = PBXFileReference; lastKnownFileType = text.plist.entitlements; path = SwiftAVRGenerator.entitlements; sourceTree = "<group>"; };
		DAE992E52A22A6F5007656B5 /* Preview Assets.xcassets */ = {isa = PBXFileReference; lastKnownFileType = folder.assetcatalog; path = "Preview Assets.xcassets"; sourceTree = "<group>"; };
		DAE992EB2A22A6F5007656B5 /* SwiftAVRGeneratorTests.xctest */ = {isa = PBXFileReference; explicitFileType = wrapper.cfbundle; includeInIndex = 0; path = SwiftAVRGeneratorTests.xctest; sourceTree = BUILT_PRODUCTS_DIR; };
		DAE992EF2A22A6F5007656B5 /* SwiftAVRGeneratorTests.swift */ = {isa = PBXFileReference; lastKnownFileType = sourcecode.swift; path = SwiftAVRGeneratorTests.swift; sourceTree = "<group>"; };
		DAE992F52A22A6F6007656B5 /* SwiftAVRGeneratorUITests.xctest */ = {isa = PBXFileReference; explicitFileType = wrapper.cfbundle; includeInIndex = 0; path = SwiftAVRGeneratorUITests.xctest; sourceTree = BUILT_PRODUCTS_DIR; };
		DAE992F92A22A6F6007656B5 /* SwiftAVRGeneratorUITests.swift */ = {isa = PBXFileReference; lastKnownFileType = sourcecode.swift; path = SwiftAVRGeneratorUITests.swift; sourceTree = "<group>"; };
		DAE992FB2A22A6F6007656B5 /* SwiftAVRGeneratorUITestsLaunchTests.swift */ = {isa = PBXFileReference; lastKnownFileType = sourcecode.swift; path = SwiftAVRGeneratorUITestsLaunchTests.swift; sourceTree = "<group>"; };
		EE0C5E902F55DFB50053C834 /* main.swift */ = {isa = PBXFileReference; lastKnownFileType = sourcecode.swift; path = main.swift; sourceTree = "<group>"; };
		EECLI0192F600000000000001 /* SwiftAVRGeneratorCLI */ = {isa = PBXFileReference; explicitFileType = "compiled.mach-o.executable"; includeInIndex = 0; path = SwiftAVRGeneratorCLI; sourceTree = BUILT_PRODUCTS_DIR; };
/* End PBXFileReference section */

/* Begin PBXFileSystemSynchronizedRootGroup section */
		EE96A6502F4E7B5F00542FFD /* Documentation */ = {isa = PBXFileSystemSynchronizedRootGroup; explicitFileTypes = {}; explicitFolders = (); path = Documentation; sourceTree = "<group>"; };
		EEE8AF9C2F5050860080C89D /* Generators */ = {isa = PBXFileSystemSynchronizedRootGroup; explicitFileTypes = {}; explicitFolders = (); path = Generators; sourceTree = "<group>"; };
		EEE8AFB62F508D700080C89D /* App */ = {isa = PBXFileSystemSynchronizedRootGroup; explicitFileTypes = {}; explicitFolders = (); path = App; sourceTree = "<group>"; };
		EEE8AFB72F508DB30080C89D /* Extensions */ = {isa = PBXFileSystemSynchronizedRootGroup; explicitFileTypes = {}; explicitFolders = (); path = Extensions; sourceTree = "<group>"; };
		EEE8AFC02F508E4F0080C89D /* CodeGeneration */ = {isa = PBXFileSystemSynchronizedRootGroup; explicitFileTypes = {}; explicitFolders = (); path = CodeGeneration; sourceTree = "<group>"; };
		EEF6589F2F4E969400A32070 /* docs */ = {isa = PBXFileSystemSynchronizedRootGroup; explicitFileTypes = {}; explicitFolders = (); path = docs; sourceTree = "<group>"; };
/* End PBXFileSystemSynchronizedRootGroup section */

/* Begin PBXFrameworksBuildPhase section */
		DAE992D72A22A6F4007656B5 /* Frameworks */ = {
			isa = PBXFrameworksBuildPhase;
			buildActionMask = 2147483647;
			files = (
				DA5F50F82EAA58C000AF7D48 /* SwiftOperators in Frameworks */,
				DA5F50FE2EAA58C000AF7D48 /* SwiftSyntax in Frameworks */,
				DA5F50FA2EAA58C000AF7D48 /* SwiftParser in Frameworks */,
				DA5F50F62EAA58C000AF7D48 /* SwiftBasicFormat in Frameworks */,
				DA5F51002EAA58C000AF7D48 /* SwiftSyntaxBuilder in Frameworks */,
				DA5F50FC2EAA58C000AF7D48 /* SwiftParserDiagnostics in Frameworks */,
				476CFF482A3A701E00217EC2 /* XMLCoder in Frameworks */,
			);
			runOnlyForDeploymentPostprocessing = 0;
		};
		DAE992E82A22A6F5007656B5 /* Frameworks */ = {
			isa = PBXFrameworksBuildPhase;
			buildActionMask = 2147483647;
			files = (
			);
			runOnlyForDeploymentPostprocessing = 0;
		};
		DAE992F22A22A6F6007656B5 /* Frameworks */ = {
			isa = PBXFrameworksBuildPhase;
			buildActionMask = 2147483647;
			files = (
			);
			runOnlyForDeploymentPostprocessing = 0;
		};
		EECLI0082F600000000000001 /* Frameworks */ = {
			isa = PBXFrameworksBuildPhase;
			buildActionMask = 2147483647;
			files = (
				EECLI00B2F600000000000001 /* XMLCoder in Frameworks */,
				EECLI00D2F600000000000001 /* SwiftBasicFormat in Frameworks */,
				EECLI00F2F600000000000001 /* SwiftOperators in Frameworks */,
				EECLI0112F600000000000001 /* SwiftParser in Frameworks */,
				EECLI0132F600000000000001 /* SwiftParserDiagnostics in Frameworks */,
				EECLI0152F600000000000001 /* SwiftSyntax in Frameworks */,
				EECLI0172F600000000000001 /* SwiftSyntaxBuilder in Frameworks */,
			);
			runOnlyForDeploymentPostprocessing = 0;
		};
/* End PBXFrameworksBuildPhase section */

/* Begin PBXGroup section */
		DA5326932AF75A1700D7D526 /* AVRToolsDeviceFile */ = {
			isa = PBXGroup;
			children = (
				DA3BB73F2A51E8F600C464C3 /* AVRToolsDeviceFile.swift */,
				DA53268B2AF7578B00D7D526 /* AVRVariants.swift */,
				DA53268D2AF757D800D7D526 /* AVRDevices.swift */,
				DA53268F2AF7588600D7D526 /* AVRModules.swift */,
				DA5326912AF759EB00D7D526 /* AVRPinouts.swift */,
			);
			path = AVRToolsDeviceFile;
			sourceTree = "<group>";
		};
		DAE992D12A22A6F4007656B5 = {
			isa = PBXGroup;
			children = (
				EEF6589F2F4E969400A32070 /* docs */,
				DAE992DC2A22A6F4007656B5 /* SwiftAVRGenerator */,
				DAE992EE2A22A6F5007656B5 /* SwiftAVRGeneratorTests */,
				DAE992F82A22A6F6007656B5 /* SwiftAVRGeneratorUITests */,
				DAE992DB2A22A6F4007656B5 /* Products */,
			);
			sourceTree = "<group>";
		};
		DAE992DB2A22A6F4007656B5 /* Products */ = {
			isa = PBXGroup;
			children = (
				DAE992DA2A22A6F4007656B5 /* SwiftAVRGenerator.app */,
				DAE992EB2A22A6F5007656B5 /* SwiftAVRGeneratorTests.xctest */,
				DAE992F52A22A6F6007656B5 /* SwiftAVRGeneratorUITests.xctest */,
				EECLI0192F600000000000001 /* SwiftAVRGeneratorCLI */,
			);
			name = Products;
			sourceTree = "<group>";
		};
		DAE992DC2A22A6F4007656B5 /* SwiftAVRGenerator */ = {
			isa = PBXGroup;
			children = (
				EEE8AFC02F508E4F0080C89D /* CodeGeneration */,
				EEE8AFB72F508DB30080C89D /* Extensions */,
				EEE8AFB62F508D700080C89D /* App */,
				EEE8AF9C2F5050860080C89D /* Generators */,
				EE96A6502F4E7B5F00542FFD /* Documentation */,
				DA5326932AF75A1700D7D526 /* AVRToolsDeviceFile */,
				EECLI0182F600000000000001 /* CLI */,
				DAE992E12A22A6F5007656B5 /* Assets.xcassets */,
				DA5F51022EAAE10500AF7D48 /* SwiftAVRGenIcon.icon */,
				DAE992E32A22A6F5007656B5 /* SwiftAVRGenerator.entitlements */,
				DAE992E42A22A6F5007656B5 /* Preview Content */,
			);
			path = SwiftAVRGenerator;
			sourceTree = "<group>";
		};
		DAE992E42A22A6F5007656B5 /* Preview Content */ = {
			isa = PBXGroup;
			children = (
				DAE992E52A22A6F5007656B5 /* Preview Assets.xcassets */,
			);
			path = "Preview Content";
			sourceTree = "<group>";
		};
		DAE992EE2A22A6F5007656B5 /* SwiftAVRGeneratorTests */ = {
			isa = PBXGroup;
			children = (
				DAE992EF2A22A6F5007656B5 /* SwiftAVRGeneratorTests.swift */,
			);
			path = SwiftAVRGeneratorTests;
			sourceTree = "<group>";
		};
		DAE992F82A22A6F6007656B5 /* SwiftAVRGeneratorUITests */ = {
			isa = PBXGroup;
			children = (
				DAE992F92A22A6F6007656B5 /* SwiftAVRGeneratorUITests.swift */,
				DAE992FB2A22A6F6007656B5 /* SwiftAVRGeneratorUITestsLaunchTests.swift */,
			);
			path = SwiftAVRGeneratorUITests;
			sourceTree = "<group>";
		};
		EECLI0182F600000000000001 /* CLI */ = {
			isa = PBXGroup;
			children = (
				EE0C5E902F55DFB50053C834 /* main.swift */,
			);
			path = CLI;
			sourceTree = "<group>";
		};
/* End PBXGroup section */

/* Begin PBXNativeTarget section */
		DAE992D92A22A6F4007656B5 /* SwiftAVRGenerator */ = {
			isa = PBXNativeTarget;
			buildConfigurationList = DAE992FF2A22A6F6007656B5 /* Build configuration list for PBXNativeTarget "SwiftAVRGenerator" */;
			buildPhases = (
				DAE992D62A22A6F4007656B5 /* Sources */,
				DAE992D72A22A6F4007656B5 /* Frameworks */,
				DAE992D82A22A6F4007656B5 /* Resources */,
			);
			buildRules = (
			);
			dependencies = (
			);
			fileSystemSynchronizedGroups = (
				EE96A6502F4E7B5F00542FFD /* Documentation */,
				EEE8AF9C2F5050860080C89D /* Generators */,
				EEE8AFB62F508D700080C89D /* App */,
				EEE8AFB72F508DB30080C89D /* Extensions */,
				EEE8AFC02F508E4F0080C89D /* CodeGeneration */,
			);
			name = SwiftAVRGenerator;
			packageProductDependencies = (
				476CFF472A3A701E00217EC2 /* XMLCoder */,
				DA5F50F52EAA58C000AF7D48 /* SwiftBasicFormat */,
				DA5F50F72EAA58C000AF7D48 /* SwiftOperators */,
				DA5F50F92EAA58C000AF7D48 /* SwiftParser */,
				DA5F50FB2EAA58C000AF7D48 /* SwiftParserDiagnostics */,
				DA5F50FD2EAA58C000AF7D48 /* SwiftSyntax */,
				DA5F50FF2EAA58C000AF7D48 /* SwiftSyntaxBuilder */,
			);
			productName = SwiftAVRGenerator;
			productReference = DAE992DA2A22A6F4007656B5 /* SwiftAVRGenerator.app */;
			productType = "com.apple.product-type.application";
		};
		DAE992EA2A22A6F5007656B5 /* SwiftAVRGeneratorTests */ = {
			isa = PBXNativeTarget;
			buildConfigurationList = DAE993022A22A6F6007656B5 /* Build configuration list for PBXNativeTarget "SwiftAVRGeneratorTests" */;
			buildPhases = (
				DAE992E72A22A6F5007656B5 /* Sources */,
				DAE992E82A22A6F5007656B5 /* Frameworks */,
				DAE992E92A22A6F5007656B5 /* Resources */,
			);
			buildRules = (
			);
			dependencies = (
				DAE992ED2A22A6F5007656B5 /* PBXTargetDependency */,
			);
			name = SwiftAVRGeneratorTests;
			productName = SwiftAVRGeneratorTests;
			productReference = DAE992EB2A22A6F5007656B5 /* SwiftAVRGeneratorTests.xctest */;
			productType = "com.apple.product-type.bundle.unit-test";
		};
		DAE992F42A22A6F6007656B5 /* SwiftAVRGeneratorUITests */ = {
			isa = PBXNativeTarget;
			buildConfigurationList = DAE993052A22A6F6007656B5 /* Build configuration list for PBXNativeTarget "SwiftAVRGeneratorUITests" */;
			buildPhases = (
				DAE992F12A22A6F6007656B5 /* Sources */,
				DAE992F22A22A6F6007656B5 /* Frameworks */,
				DAE992F32A22A6F6007656B5 /* Resources */,
			);
			buildRules = (
			);
			dependencies = (
				DAE992F72A22A6F6007656B5 /* PBXTargetDependency */,
			);
			name = SwiftAVRGeneratorUITests;
			productName = SwiftAVRGeneratorUITests;
			productReference = DAE992F52A22A6F6007656B5 /* SwiftAVRGeneratorUITests.xctest */;
			productType = "com.apple.product-type.bundle.ui-testing";
		};
		EECLI0202F600000000000001 /* SwiftAVRGeneratorCLI */ = {
			isa = PBXNativeTarget;
			buildConfigurationList = EECLI0212F600000000000001 /* Build configuration list for PBXNativeTarget "SwiftAVRGeneratorCLI" */;
			buildPhases = (
				EECLI0092F600000000000001 /* Sources */,
				EECLI0082F600000000000001 /* Frameworks */,
			);
			buildRules = (
			);
			dependencies = (
			);
			fileSystemSynchronizedGroups = (
				EE96A6502F4E7B5F00542FFD /* Documentation */,
				EEE8AF9C2F5050860080C89D /* Generators */,
				EEE8AFB72F508DB30080C89D /* Extensions */,
				EEE8AFC02F508E4F0080C89D /* CodeGeneration */,
			);
			name = SwiftAVRGeneratorCLI;
			packageProductDependencies = (
				EECLI00A2F600000000000001 /* XMLCoder */,
				EECLI00C2F600000000000001 /* SwiftBasicFormat */,
				EECLI00E2F600000000000001 /* SwiftOperators */,
				EECLI0102F600000000000001 /* SwiftParser */,
				EECLI0122F600000000000001 /* SwiftParserDiagnostics */,
				EECLI0142F600000000000001 /* SwiftSyntax */,
				EECLI0162F600000000000001 /* SwiftSyntaxBuilder */,
			);
			productName = SwiftAVRGeneratorCLI;
			productReference = EECLI0192F600000000000001 /* SwiftAVRGeneratorCLI */;
			productType = "com.apple.product-type.tool";
		};
/* End PBXNativeTarget section */

/* Begin PBXProject section */
		DAE992D22A22A6F4007656B5 /* Project object */ = {
			isa = PBXProject;
			attributes = {
				BuildIndependentTargetsInParallel = 1;
				LastSwiftUpdateCheck = 1430;
				LastUpgradeCheck = 2630;
				TargetAttributes = {
					DAE992D92A22A6F4007656B5 = {
						CreatedOnToolsVersion = 14.3;
					};
					DAE992EA2A22A6F5007656B5 = {
						CreatedOnToolsVersion = 14.3;
						TestTargetID = DAE992D92A22A6F4007656B5;
					};
					DAE992F42A22A6F6007656B5 = {
						CreatedOnToolsVersion = 14.3;
						TestTargetID = DAE992D92A22A6F4007656B5;
					};
					EECLI0202F600000000000001 = {
						CreatedOnToolsVersion = 14.3;
					};
				};
			};
			buildConfigurationList = DAE992D52A22A6F4007656B5 /* Build configuration list for PBXProject "SwiftAVRGenerator" */;
			compatibilityVersion = "Xcode 14.0";
			developmentRegion = en;
			hasScannedForEncodings = 0;
			knownRegions = (
				en,
				Base,
			);
			mainGroup = DAE992D12A22A6F4007656B5;
			packageReferences = (
				476CFF462A3A701D00217EC2 /* XCRemoteSwiftPackageReference "XMLCoder" */,
				DA5F50F42EAA58C000AF7D48 /* XCRemoteSwiftPackageReference "swift-syntax" */,
			);
			productRefGroup = DAE992DB2A22A6F4007656B5 /* Products */;
			projectDirPath = "";
			projectRoot = "";
			targets = (
				DAE992D92A22A6F4007656B5 /* SwiftAVRGenerator */,
				DAE992EA2A22A6F5007656B5 /* SwiftAVRGeneratorTests */,
				DAE992F42A22A6F6007656B5 /* SwiftAVRGeneratorUITests */,
				EECLI0202F600000000000001 /* SwiftAVRGeneratorCLI */,
			);
		};
/* End PBXProject section */

/* Begin PBXResourcesBuildPhase section */
		DAE992D82A22A6F4007656B5 /* Resources */ = {
			isa = PBXResourcesBuildPhase;
			buildActionMask = 2147483647;
			files = (
				DAE992E62A22A6F5007656B5 /* Preview Assets.xcassets in Resources */,
				DAE992E22A22A6F5007656B5 /* Assets.xcassets in Resources */,
			);
			runOnlyForDeploymentPostprocessing = 0;
		};
		DAE992E92A22A6F5007656B5 /* Resources */ = {
			isa = PBXResourcesBuildPhase;
			buildActionMask = 2147483647;
			files = (
			);
			runOnlyForDeploymentPostprocessing = 0;
		};
		DAE992F32A22A6F6007656B5 /* Resources */ = {
			isa = PBXResourcesBuildPhase;
			buildActionMask = 2147483647;
			files = (
			);
			runOnlyForDeploymentPostprocessing = 0;
		};
/* End PBXResourcesBuildPhase section */

/* Begin PBXSourcesBuildPhase section */
		DAE992D62A22A6F4007656B5 /* Sources */ = {
			isa = PBXSourcesBuildPhase;
			buildActionMask = 2147483647;
			files = (
				DA3BB7402A51E8F600C464C3 /* AVRToolsDeviceFile.swift in Sources */,
				DA53268C2AF7578B00D7D526 /* AVRVariants.swift in Sources */,
				DA5326902AF7588600D7D526 /* AVRModules.swift in Sources */,
				DA5326922AF759EB00D7D526 /* AVRPinouts.swift in Sources */,
				DA53268E2AF757D800D7D526 /* AVRDevices.swift in Sources */,
			);
			runOnlyForDeploymentPostprocessing = 0;
		};
		DAE992E72A22A6F5007656B5 /* Sources */ = {
			isa = PBXSourcesBuildPhase;
			buildActionMask = 2147483647;
			files = (
				DAE992F02A22A6F5007656B5 /* SwiftAVRGeneratorTests.swift in Sources */,
			);
			runOnlyForDeploymentPostprocessing = 0;
		};
		DAE992F12A22A6F6007656B5 /* Sources */ = {
			isa = PBXSourcesBuildPhase;
			buildActionMask = 2147483647;
			files = (
				DAE992FC2A22A6F6007656B5 /* SwiftAVRGeneratorUITestsLaunchTests.swift in Sources */,
				DAE992FA2A22A6F6007656B5 /* SwiftAVRGeneratorUITests.swift in Sources */,
			);
			runOnlyForDeploymentPostprocessing = 0;
		};
		EECLI0092F600000000000001 /* Sources */ = {
			isa = PBXSourcesBuildPhase;
			buildActionMask = 2147483647;
			files = (
				EECLI0032F600000000000001 /* AVRToolsDeviceFile.swift in Sources */,
				EECLI0042F600000000000001 /* AVRVariants.swift in Sources */,
				EE0C5E922F55DFB60053C834 /* main.swift in Sources */,
				EECLI0052F600000000000001 /* AVRDevices.swift in Sources */,
				EECLI0062F600000000000001 /* AVRModules.swift in Sources */,
				EECLI0072F600000000000001 /* AVRPinouts.swift in Sources */,
			);
			runOnlyForDeploymentPostprocessing = 0;
		};
/* End PBXSourcesBuildPhase section */

/* Begin PBXTargetDependency section */
		DAE992ED2A22A6F5007656B5 /* PBXTargetDependency */ = {
			isa = PBXTargetDependency;
			target = DAE992D92A22A6F4007656B5 /* SwiftAVRGenerator */;
			targetProxy = DAE992EC2A22A6F5007656B5 /* PBXContainerItemProxy */;
		};
		DAE992F72A22A6F6007656B5 /* PBXTargetDependency */ = {
			isa = PBXTargetDependency;
			target = DAE992D92A22A6F4007656B5 /* SwiftAVRGenerator */;
			targetProxy = DAE992F62A22A6F6007656B5 /* PBXContainerItemProxy */;
		};
/* End PBXTargetDependency section */

/* Begin XCBuildConfiguration section */
		DAE992FD2A22A6F6007656B5 /* Debug */ = {
			isa = XCBuildConfiguration;
			buildSettings = {
				ALWAYS_SEARCH_USER_PATHS = NO;
				CLANG_ANALYZER_NONNULL = YES;
				CLANG_ANALYZER_NUMBER_OBJECT_CONVERSION = YES_AGGRESSIVE;
				CLANG_CXX_LANGUAGE_STANDARD = "gnu++20";
				CLANG_ENABLE_MODULES = YES;
				CLANG_ENABLE_OBJC_ARC = YES;
				CLANG_ENABLE_OBJC_WEAK = YES;
				CLANG_WARN_BLOCK_CAPTURE_AUTORELEASING = YES;
				CLANG_WARN_BOOL_CONVERSION = YES;
				CLANG_WARN_COMMA = YES;
				CLANG_WARN_CONSTANT_CONVERSION = YES;
				CLANG_WARN_DEPRECATED_OBJC_IMPLEMENTATIONS = YES;
				CLANG_WARN_DIRECT_OBJC_ISA_USAGE = YES_ERROR;
				CLANG_WARN_DOCUMENTATION_COMMENTS = YES;
				CLANG_WARN_EMPTY_BODY = YES;
				CLANG_WARN_ENUM_CONVERSION = YES;
				CLANG_WARN_INFINITE_RECURSION = YES;
				CLANG_WARN_INT_CONVERSION = YES;
				CLANG_WARN_NON_LITERAL_NULL_CONVERSION = YES;
				CLANG_WARN_OBJC_IMPLICIT_RETAIN_SELF = YES;
				CLANG_WARN_OBJC_LITERAL_CONVERSION = YES;
				CLANG_WARN_OBJC_ROOT_CLASS = YES_ERROR;
				CLANG_WARN_QUOTED_INCLUDE_IN_FRAMEWORK_HEADER = YES;
				CLANG_WARN_RANGE_LOOP_ANALYSIS = YES;
				CLANG_WARN_STRICT_PROTOTYPES = YES;
				CLANG_WARN_SUSPICIOUS_MOVE = YES;
				CLANG_WARN_UNGUARDED_AVAILABILITY = YES_AGGRESSIVE;
				CLANG_WARN_UNREACHABLE_CODE = YES;
				CLANG_WARN__DUPLICATE_METHOD_MATCH = YES;
				COPY_PHASE_STRIP = NO;
				DEAD_CODE_STRIPPING = YES;
				DEBUG_INFORMATION_FORMAT = dwarf;
				ENABLE_STRICT_OBJC_MSGSEND = YES;
				ENABLE_TESTABILITY = YES;
				ENABLE_USER_SCRIPT_SANDBOXING = YES;
				GCC_C_LANGUAGE_STANDARD = gnu11;
				GCC_DYNAMIC_NO_PIC = NO;
				GCC_NO_COMMON_BLOCKS = YES;
				GCC_OPTIMIZATION_LEVEL = 0;
				GCC_PREPROCESSOR_DEFINITIONS = (
					"DEBUG=1",
					"$(inherited)",
				);
				GCC_WARN_64_TO_32_BIT_CONVERSION = YES;
				GCC_WARN_ABOUT_RETURN_TYPE = YES_ERROR;
				GCC_WARN_UNDECLARED_SELECTOR = YES;
				GCC_WARN_UNINITIALIZED_AUTOS = YES_AGGRESSIVE;
				GCC_WARN_UNUSED_FUNCTION = YES;
				GCC_WARN_UNUSED_VARIABLE = YES;
				MTL_ENABLE_DEBUG_INFO = INCLUDE_SOURCE;
				MTL_FAST_MATH = YES;
				ONLY_ACTIVE_ARCH = YES;
				STRING_CATALOG_GENERATE_SYMBOLS = YES;
				SWIFT_ACTIVE_COMPILATION_CONDITIONS = DEBUG;
				SWIFT_OPTIMIZATION_LEVEL = "-Onone";
			};
			name = Debug;
		};
		DAE992FE2A22A6F6007656B5 /* Release */ = {
			isa = XCBuildConfiguration;
			buildSettings = {
				ALWAYS_SEARCH_USER_PATHS = NO;
				CLANG_ANALYZER_NONNULL = YES;
				CLANG_ANALYZER_NUMBER_OBJECT_CONVERSION = YES_AGGRESSIVE;
				CLANG_CXX_LANGUAGE_STANDARD = "gnu++20";
				CLANG_ENABLE_MODULES = YES;
				CLANG_ENABLE_OBJC_ARC = YES;
				CLANG_ENABLE_OBJC_WEAK = YES;
				CLANG_WARN_BLOCK_CAPTURE_AUTORELEASING = YES;
				CLANG_WARN_BOOL_CONVERSION = YES;
				CLANG_WARN_COMMA = YES;
				CLANG_WARN_CONSTANT_CONVERSION = YES;
				CLANG_WARN_DEPRECATED_OBJC_IMPLEMENTATIONS = YES;
				CLANG_WARN_DIRECT_OBJC_ISA_USAGE = YES_ERROR;
				CLANG_WARN_DOCUMENTATION_COMMENTS = YES;
				CLANG_WARN_EMPTY_BODY = YES;
				CLANG_WARN_ENUM_CONVERSION = YES;
				CLANG_WARN_INFINITE_RECURSION = YES;
				CLANG_WARN_INT_CONVERSION = YES;
				CLANG_WARN_NON_LITERAL_NULL_CONVERSION = YES;
				CLANG_WARN_OBJC_IMPLICIT_RETAIN_SELF = YES;
				CLANG_WARN_OBJC_LITERAL_CONVERSION = YES;
				CLANG_WARN_OBJC_ROOT_CLASS = YES_ERROR;
				CLANG_WARN_QUOTED_INCLUDE_IN_FRAMEWORK_HEADER = YES;
				CLANG_WARN_RANGE_LOOP_ANALYSIS = YES;
				CLANG_WARN_STRICT_PROTOTYPES = YES;
				CLANG_WARN_SUSPICIOUS_MOVE = YES;
				CLANG_WARN_UNGUARDED_AVAILABILITY = YES_AGGRESSIVE;
				CLANG_WARN_UNREACHABLE_CODE = YES;
				CLANG_WARN__DUPLICATE_METHOD_MATCH = YES;
				COPY_PHASE_STRIP = NO;
				DEAD_CODE_STRIPPING = YES;
				DEBUG_INFORMATION_FORMAT = "dwarf-with-dsym";
				ENABLE_NS_ASSERTIONS = NO;
				ENABLE_STRICT_OBJC_MSGSEND = YES;
				ENABLE_USER_SCRIPT_SANDBOXING = YES;
				GCC_C_LANGUAGE_STANDARD = gnu11;
				GCC_NO_COMMON_BLOCKS = YES;
				GCC_WARN_64_TO_32_BIT_CONVERSION = YES;
				GCC_WARN_ABOUT_RETURN_TYPE = YES_ERROR;
				GCC_WARN_UNDECLARED_SELECTOR = YES;
				GCC_WARN_UNINITIALIZED_AUTOS = YES_AGGRESSIVE;
				GCC_WARN_UNUSED_FUNCTION = YES;
				GCC_WARN_UNUSED_VARIABLE = YES;
				MTL_ENABLE_DEBUG_INFO = NO;
				MTL_FAST_MATH = YES;
				STRING_CATALOG_GENERATE_SYMBOLS = YES;
				SWIFT_COMPILATION_MODE = wholemodule;
				SWIFT_OPTIMIZATION_LEVEL = "-O";
			};
			name = Release;
		};
		DAE993002A22A6F6007656B5 /* Debug */ = {
			isa = XCBuildConfiguration;
			buildSettings = {
				ASSETCATALOG_COMPILER_APPICON_NAME = AppIcon;
				ASSETCATALOG_COMPILER_GLOBAL_ACCENT_COLOR_NAME = AccentColor;
				ASSETCATALOG_COMPILER_INCLUDE_ALL_APPICON_ASSETS = YES;
				CODE_SIGN_ENTITLEMENTS = SwiftAVRGenerator/SwiftAVRGenerator.entitlements;
				CODE_SIGN_IDENTITY = "Apple Development";
				"CODE_SIGN_IDENTITY[sdk=macosx*]" = "-";
				CODE_SIGN_STYLE = Automatic;
				CURRENT_PROJECT_VERSION = 1;
				DEAD_CODE_STRIPPING = YES;
				DEVELOPMENT_ASSET_PATHS = "\"SwiftAVRGenerator/Preview Content\"";
				DEVELOPMENT_TEAM = "";
				ENABLE_APP_SANDBOX = YES;
				ENABLE_HARDENED_RUNTIME = YES;
				ENABLE_PREVIEWS = YES;
				ENABLE_USER_SELECTED_FILES = readwrite;
				GENERATE_INFOPLIST_FILE = YES;
				"INFOPLIST_KEY_UIApplicationSceneManifest_Generation[sdk=iphoneos*]" = YES;
				"INFOPLIST_KEY_UIApplicationSceneManifest_Generation[sdk=iphonesimulator*]" = YES;
				"INFOPLIST_KEY_UIApplicationSupportsIndirectInputEvents[sdk=iphoneos*]" = YES;
				"INFOPLIST_KEY_UIApplicationSupportsIndirectInputEvents[sdk=iphonesimulator*]" = YES;
				"INFOPLIST_KEY_UILaunchScreen_Generation[sdk=iphoneos*]" = YES;
				"INFOPLIST_KEY_UILaunchScreen_Generation[sdk=iphonesimulator*]" = YES;
				"INFOPLIST_KEY_UIStatusBarStyle[sdk=iphoneos*]" = UIStatusBarStyleDefault;
				"INFOPLIST_KEY_UIStatusBarStyle[sdk=iphonesimulator*]" = UIStatusBarStyleDefault;
				INFOPLIST_KEY_UISupportedInterfaceOrientations_iPad = "UIInterfaceOrientationPortrait UIInterfaceOrientationPortraitUpsideDown UIInterfaceOrientationLandscapeLeft UIInterfaceOrientationLandscapeRight";
				INFOPLIST_KEY_UISupportedInterfaceOrientations_iPhone = "UIInterfaceOrientationPortrait UIInterfaceOrientationLandscapeLeft UIInterfaceOrientationLandscapeRight";
				IPHONEOS_DEPLOYMENT_TARGET = 16.4;
				LD_RUNPATH_SEARCH_PATHS = "@executable_path/Frameworks";
				"LD_RUNPATH_SEARCH_PATHS[sdk=macosx*]" = "@executable_path/../Frameworks";
				MACOSX_DEPLOYMENT_TARGET = 13.3;
				MARKETING_VERSION = 1.0;
				PRODUCT_BUNDLE_IDENTIFIER = com.pdshelley.SwiftAVRGenerator;
				PRODUCT_NAME = "$(TARGET_NAME)";
				PROVISIONING_PROFILE_SPECIFIER = "";
				SDKROOT = auto;
				SUPPORTED_PLATFORMS = "iphoneos iphonesimulator macosx";
				SWIFT_EMIT_LOC_STRINGS = YES;
				SWIFT_VERSION = 5.0;
				TARGETED_DEVICE_FAMILY = "1,2";
			};
			name = Debug;
		};
		DAE993012A22A6F6007656B5 /* Release */ = {
			isa = XCBuildConfiguration;
			buildSettings = {
				ASSETCATALOG_COMPILER_APPICON_NAME = AppIcon;
				ASSETCATALOG_COMPILER_GLOBAL_ACCENT_COLOR_NAME = AccentColor;
				ASSETCATALOG_COMPILER_INCLUDE_ALL_APPICON_ASSETS = YES;
				CODE_SIGN_ENTITLEMENTS = SwiftAVRGenerator/SwiftAVRGenerator.entitlements;
				CODE_SIGN_IDENTITY = "Apple Development";
				"CODE_SIGN_IDENTITY[sdk=macosx*]" = "-";
				CODE_SIGN_STYLE = Automatic;
				CURRENT_PROJECT_VERSION = 1;
				DEAD_CODE_STRIPPING = YES;
				DEVELOPMENT_ASSET_PATHS = "\"SwiftAVRGenerator/Preview Content\"";
				DEVELOPMENT_TEAM = "";
				ENABLE_APP_SANDBOX = YES;
				ENABLE_HARDENED_RUNTIME = YES;
				ENABLE_PREVIEWS = YES;
				ENABLE_USER_SELECTED_FILES = readwrite;
				GENERATE_INFOPLIST_FILE = YES;
				"INFOPLIST_KEY_UIApplicationSceneManifest_Generation[sdk=iphoneos*]" = YES;
				"INFOPLIST_KEY_UIApplicationSceneManifest_Generation[sdk=iphonesimulator*]" = YES;
				"INFOPLIST_KEY_UIApplicationSupportsIndirectInputEvents[sdk=iphoneos*]" = YES;
				"INFOPLIST_KEY_UIApplicationSupportsIndirectInputEvents[sdk=iphonesimulator*]" = YES;
				"INFOPLIST_KEY_UILaunchScreen_Generation[sdk=iphoneos*]" = YES;
				"INFOPLIST_KEY_UILaunchScreen_Generation[sdk=iphonesimulator*]" = YES;
				"INFOPLIST_KEY_UIStatusBarStyle[sdk=iphoneos*]" = UIStatusBarStyleDefault;
				"INFOPLIST_KEY_UIStatusBarStyle[sdk=iphonesimulator*]" = UIStatusBarStyleDefault;
				INFOPLIST_KEY_UISupportedInterfaceOrientations_iPad = "UIInterfaceOrientationPortrait UIInterfaceOrientationPortraitUpsideDown UIInterfaceOrientationLandscapeLeft UIInterfaceOrientationLandscapeRight";
				INFOPLIST_KEY_UISupportedInterfaceOrientations_iPhone = "UIInterfaceOrientationPortrait UIInterfaceOrientationLandscapeLeft UIInterfaceOrientationLandscapeRight";
				IPHONEOS_DEPLOYMENT_TARGET = 16.4;
				LD_RUNPATH_SEARCH_PATHS = "@executable_path/Frameworks";
				"LD_RUNPATH_SEARCH_PATHS[sdk=macosx*]" = "@executable_path/../Frameworks";
				MACOSX_DEPLOYMENT_TARGET = 13.3;
				MARKETING_VERSION = 1.0;
				PRODUCT_BUNDLE_IDENTIFIER = com.pdshelley.SwiftAVRGenerator;
				PRODUCT_NAME = "$(TARGET_NAME)";
				PROVISIONING_PROFILE_SPECIFIER = "";
				SDKROOT = auto;
				SUPPORTED_PLATFORMS = "iphoneos iphonesimulator macosx";
				SWIFT_EMIT_LOC_STRINGS = YES;
				SWIFT_VERSION = 5.0;
				TARGETED_DEVICE_FAMILY = "1,2";
			};
			name = Release;
		};
		DAE993032A22A6F6007656B5 /* Debug */ = {
			isa = XCBuildConfiguration;
			buildSettings = {
				BUNDLE_LOADER = "$(TEST_HOST)";
				CODE_SIGN_STYLE = Automatic;
				CURRENT_PROJECT_VERSION = 1;
				DEAD_CODE_STRIPPING = YES;
				DEVELOPMENT_TEAM = LHF96LH65T;
				GENERATE_INFOPLIST_FILE = YES;
				IPHONEOS_DEPLOYMENT_TARGET = 16.4;
				MACOSX_DEPLOYMENT_TARGET = 13.3;
				MARKETING_VERSION = 1.0;
				PRODUCT_BUNDLE_IDENTIFIER = com.pdshelley.SwiftAVRGeneratorTests;
				PRODUCT_NAME = "$(TARGET_NAME)";
				SDKROOT = auto;
				SUPPORTED_PLATFORMS = "iphoneos iphonesimulator macosx";
				SWIFT_EMIT_LOC_STRINGS = NO;
				SWIFT_VERSION = 5.0;
				TARGETED_DEVICE_FAMILY = "1,2";
				TEST_HOST = "$(BUILT_PRODUCTS_DIR)/SwiftAVRGenerator.app/$(BUNDLE_EXECUTABLE_FOLDER_PATH)/SwiftAVRGenerator";
			};
			name = Debug;
		};
		DAE993042A22A6F6007656B5 /* Release */ = {
			isa = XCBuildConfiguration;
			buildSettings = {
				BUNDLE_LOADER = "$(TEST_HOST)";
				CODE_SIGN_STYLE = Automatic;
				CURRENT_PROJECT_VERSION = 1;
				DEAD_CODE_STRIPPING = YES;
				DEVELOPMENT_TEAM = LHF96LH65T;
				GENERATE_INFOPLIST_FILE = YES;
				IPHONEOS_DEPLOYMENT_TARGET = 16.4;
				MACOSX_DEPLOYMENT_TARGET = 13.3;
				MARKETING_VERSION = 1.0;
				PRODUCT_BUNDLE_IDENTIFIER = com.pdshelley.SwiftAVRGeneratorTests;
				PRODUCT_NAME = "$(TARGET_NAME)";
				SDKROOT = auto;
				SUPPORTED_PLATFORMS = "iphoneos iphonesimulator macosx";
				SWIFT_EMIT_LOC_STRINGS = NO;
				SWIFT_VERSION = 5.0;
				TARGETED_DEVICE_FAMILY = "1,2";
				TEST_HOST = "$(BUILT_PRODUCTS_DIR)/SwiftAVRGenerator.app/$(BUNDLE_EXECUTABLE_FOLDER_PATH)/SwiftAVRGenerator";
			};
			name = Release;
		};
		DAE993062A22A6F6007656B5 /* Debug */ = {
			isa = XCBuildConfiguration;
			buildSettings = {
				CODE_SIGN_STYLE = Automatic;
				CURRENT_PROJECT_VERSION = 1;
				DEAD_CODE_STRIPPING = YES;
				DEVELOPMENT_TEAM = LHF96LH65T;
				GENERATE_INFOPLIST_FILE = YES;
				IPHONEOS_DEPLOYMENT_TARGET = 16.4;
				MACOSX_DEPLOYMENT_TARGET = 13.3;
				MARKETING_VERSION = 1.0;
				PRODUCT_BUNDLE_IDENTIFIER = com.pdshelley.SwiftAVRGeneratorUITests;
				PRODUCT_NAME = "$(TARGET_NAME)";
				SDKROOT = auto;
				SUPPORTED_PLATFORMS = "iphoneos iphonesimulator macosx";
				SWIFT_EMIT_LOC_STRINGS = NO;
				SWIFT_VERSION = 5.0;
				TARGETED_DEVICE_FAMILY = "1,2";
				TEST_TARGET_NAME = SwiftAVRGenerator;
			};
			name = Debug;
		};
		DAE993072A22A6F6007656B5 /* Release */ = {
			isa = XCBuildConfiguration;
			buildSettings = {
				CODE_SIGN_STYLE = Automatic;
				CURRENT_PROJECT_VERSION = 1;
				DEAD_CODE_STRIPPING = YES;
				DEVELOPMENT_TEAM = LHF96LH65T;
				GENERATE_INFOPLIST_FILE = YES;
				IPHONEOS_DEPLOYMENT_TARGET = 16.4;
				MACOSX_DEPLOYMENT_TARGET = 13.3;
				MARKETING_VERSION = 1.0;
				PRODUCT_BUNDLE_IDENTIFIER = com.pdshelley.SwiftAVRGeneratorUITests;
				PRODUCT_NAME = "$(TARGET_NAME)";
				SDKROOT = auto;
				SUPPORTED_PLATFORMS = "iphoneos iphonesimulator macosx";
				SWIFT_EMIT_LOC_STRINGS = NO;
				SWIFT_VERSION = 5.0;
				TARGETED_DEVICE_FAMILY = "1,2";
				TEST_TARGET_NAME = SwiftAVRGenerator;
			};
			name = Release;
		};
		EECLI0222F600000000000001 /* Debug */ = {
			isa = XCBuildConfiguration;
			buildSettings = {
				CODE_SIGN_IDENTITY = "-";
				CODE_SIGN_STYLE = Automatic;
				CURRENT_PROJECT_VERSION = 1;
				DEAD_CODE_STRIPPING = YES;
				GENERATE_INFOPLIST_FILE = YES;
				MACOSX_DEPLOYMENT_TARGET = 13.3;
				MARKETING_VERSION = 1.0;
				PRODUCT_BUNDLE_IDENTIFIER = com.pdshelley.SwiftAVRGeneratorCLI;
				PRODUCT_NAME = "$(TARGET_NAME)";
				SDKROOT = macosx;
				SWIFT_VERSION = 5.0;
			};
			name = Debug;
		};
		EECLI0232F600000000000001 /* Release */ = {
			isa = XCBuildConfiguration;
			buildSettings = {
				CODE_SIGN_IDENTITY = "-";
				CODE_SIGN_STYLE = Automatic;
				CURRENT_PROJECT_VERSION = 1;
				DEAD_CODE_STRIPPING = YES;
				GENERATE_INFOPLIST_FILE = YES;
				MACOSX_DEPLOYMENT_TARGET = 13.3;
				MARKETING_VERSION = 1.0;
				PRODUCT_BUNDLE_IDENTIFIER = com.pdshelley.SwiftAVRGeneratorCLI;
				PRODUCT_NAME = "$(TARGET_NAME)";
				SDKROOT = macosx;
				SWIFT_COMPILATION_MODE = wholemodule;
				SWIFT_OPTIMIZATION_LEVEL = "-O";
				SWIFT_VERSION = 5.0;
			};
			name = Release;
		};
/* End XCBuildConfiguration section */

/* Begin XCConfigurationList section */
		DAE992D52A22A6F4007656B5 /* Build configuration list for PBXProject "SwiftAVRGenerator" */ = {
			isa = XCConfigurationList;
			buildConfigurations = (
				DAE992FD2A22A6F6007656B5 /* Debug */,
				DAE992FE2A22A6F6007656B5 /* Release */,
			);
			defaultConfigurationIsVisible = 0;
			defaultConfigurationName = Release;
		};
		DAE992FF2A22A6F6007656B5 /* Build configuration list for PBXNativeTarget "SwiftAVRGenerator" */ = {
			isa = XCConfigurationList;
			buildConfigurations = (
				DAE993002A22A6F6007656B5 /* Debug */,
				DAE993012A22A6F6007656B5 /* Release */,
			);
			defaultConfigurationIsVisible = 0;
			defaultConfigurationName = Release;
		};
		DAE993022A22A6F6007656B5 /* Build configuration list for PBXNativeTarget "SwiftAVRGeneratorTests" */ = {
			isa = XCConfigurationList;
			buildConfigurations = (
				DAE993032A22A6F6007656B5 /* Debug */,
				DAE993042A22A6F6007656B5 /* Release */,
			);
			defaultConfigurationIsVisible = 0;
			defaultConfigurationName = Release;
		};
		DAE993052A22A6F6007656B5 /* Build configuration list for PBXNativeTarget "SwiftAVRGeneratorUITests" */ = {
			isa = XCConfigurationList;
			buildConfigurations = (
				DAE993062A22A6F6007656B5 /* Debug */,
				DAE993072A22A6F6007656B5 /* Release */,
			);
			defaultConfigurationIsVisible = 0;
			defaultConfigurationName = Release;
		};
		EECLI0212F600000000000001 /* Build configuration list for PBXNativeTarget "SwiftAVRGeneratorCLI" */ = {
			isa = XCConfigurationList;
			buildConfigurations = (
				EECLI0222F600000000000001 /* Debug */,
				EECLI0232F600000000000001 /* Release */,
			);
			defaultConfigurationIsVisible = 0;
			defaultConfigurationName = Release;
		};
/* End XCConfigurationList section */

/* Begin XCRemoteSwiftPackageReference section */
		476CFF462A3A701D00217EC2 /* XCRemoteSwiftPackageReference "XMLCoder" */ = {
			isa = XCRemoteSwiftPackageReference;
			repositoryURL = "https://github.com/CoreOffice/XMLCoder.git";
			requirement = {
				kind = upToNextMajorVersion;
				minimumVersion = 0.18.0;
			};
		};
		DA5F50F42EAA58C000AF7D48 /* XCRemoteSwiftPackageReference "swift-syntax" */ = {
			isa = XCRemoteSwiftPackageReference;
			repositoryURL = "https://github.com/swiftlang/swift-syntax";
			requirement = {
				kind = upToNextMajorVersion;
				minimumVersion = 602.0.0;
			};
		};
/* End XCRemoteSwiftPackageReference section */

/* Begin XCSwiftPackageProductDependency section */
		476CFF472A3A701E00217EC2 /* XMLCoder */ = {
			isa = XCSwiftPackageProductDependency;
			package = 476CFF462A3A701D00217EC2 /* XCRemoteSwiftPackageReference "XMLCoder" */;
			productName = XMLCoder;
		};
		DA5F50F52EAA58C000AF7D48 /* SwiftBasicFormat */ = {
			isa = XCSwiftPackageProductDependency;
			package = DA5F50F42EAA58C000AF7D48 /* XCRemoteSwiftPackageReference "swift-syntax" */;
			productName = SwiftBasicFormat;
		};
		DA5F50F72EAA58C000AF7D48 /* SwiftOperators */ = {
			isa = XCSwiftPackageProductDependency;
			package = DA5F50F42EAA58C000AF7D48 /* XCRemoteSwiftPackageReference "swift-syntax" */;
			productName = SwiftOperators;
		};
		DA5F50F92EAA58C000AF7D48 /* SwiftParser */ = {
			isa = XCSwiftPackageProductDependency;
			package = DA5F50F42EAA58C000AF7D48 /* XCRemoteSwiftPackageReference "swift-syntax" */;
			productName = SwiftParser;
		};
		DA5F50FB2EAA58C000AF7D48 /* SwiftParserDiagnostics */ = {
			isa = XCSwiftPackageProductDependency;
			package = DA5F50F42EAA58C000AF7D48 /* XCRemoteSwiftPackageReference "swift-syntax" */;
			productName = SwiftParserDiagnostics;
		};
		DA5F50FD2EAA58C000AF7D48 /* SwiftSyntax */ = {
			isa = XCSwiftPackageProductDependency;
			package = DA5F50F42EAA58C000AF7D48 /* XCRemoteSwiftPackageReference "swift-syntax" */;
			productName = SwiftSyntax;
		};
		DA5F50FF2EAA58C000AF7D48 /* SwiftSyntaxBuilder */ = {
			isa = XCSwiftPackageProductDependency;
			package = DA5F50F42EAA58C000AF7D48 /* XCRemoteSwiftPackageReference "swift-syntax" */;
			productName = SwiftSyntaxBuilder;
		};
		EECLI00A2F600000000000001 /* XMLCoder */ = {
			isa = XCSwiftPackageProductDependency;
			package = 476CFF462A3A701D00217EC2 /* XCRemoteSwiftPackageReference "XMLCoder" */;
			productName = XMLCoder;
		};
		EECLI00C2F600000000000001 /* SwiftBasicFormat */ = {
			isa = XCSwiftPackageProductDependency;
			package = DA5F50F42EAA58C000AF7D48 /* XCRemoteSwiftPackageReference "swift-syntax" */;
			productName = SwiftBasicFormat;
		};
		EECLI00E2F600000000000001 /* SwiftOperators */ = {
			isa = XCSwiftPackageProductDependency;
			package = DA5F50F42EAA58C000AF7D48 /* XCRemoteSwiftPackageReference "swift-syntax" */;
			productName = SwiftOperators;
		};
		EECLI0102F600000000000001 /* SwiftParser */ = {
			isa = XCSwiftPackageProductDependency;
			package = DA5F50F42EAA58C000AF7D48 /* XCRemoteSwiftPackageReference "swift-syntax" */;
			productName = SwiftParser;
		};
		EECLI0122F600000000000001 /* SwiftParserDiagnostics */ = {
			isa = XCSwiftPackageProductDependency;
			package = DA5F50F42EAA58C000AF7D48 /* XCRemoteSwiftPackageReference "swift-syntax" */;
			productName = SwiftParserDiagnostics;
		};
		EECLI0142F600000000000001 /* SwiftSyntax */ = {
			isa = XCSwiftPackageProductDependency;
			package = DA5F50F42EAA58C000AF7D48 /* XCRemoteSwiftPackageReference "swift-syntax" */;
			productName = SwiftSyntax;
		};
		EECLI0162F600000000000001 /* SwiftSyntaxBuilder */ = {
			isa = XCSwiftPackageProductDependency;
			package = DA5F50F42EAA58C000AF7D48 /* XCRemoteSwiftPackageReference "swift-syntax" */;
			productName = SwiftSyntaxBuilder;
		};
/* End XCSwiftPackageProductDependency section */
	};
	rootObject = DAE992D22A22A6F4007656B5 /* Project object */;
}
